
Microsoft Visual Studio Solution File, Format Version 12.00
# Visual Studio Version 17
VisualStudioVersion = 17.8.34330.188
MinimumVisualStudioVersion = 10.0.40219.1
Project("{FAE04EC0-301F-11D3-BF4B-00C04F79EFBC}") = "PatchYml", "PatchYml.csproj", "{97AA2D47-D2AB-4199-8763-02A4C6B076F4}"
EndProject
Global
	GlobalSection(SolutionConfigurationPlatforms) = preSolution
		Debug|Any CPU = Debug|Any CPU
		Release|Any CPU = Release|Any CPU
	EndGlobalSection
	GlobalSection(ProjectConfigurationPlatforms) = postSolution
		{97AA2D47-D2AB-4199-8763-02A4C6B076F4}.Debug|Any CPU.ActiveCfg = Debug|Any CPU
		{97AA2D47-D2AB-4199-8763-02A4C6B076F4}.Debug|Any CPU.Build.0 = Debug|Any CPU
		{97AA2D47-D2AB-4199-8763-02A4C6B076F4}.Release|Any CPU.ActiveCfg = Release|Any CPU
		{97AA2D47-D2AB-4199-8763-02A4C6B076F4}.Release|Any CPU.Build.0 = Release|Any CPU
	EndGlobalSection
	GlobalSection(SolutionProperties) = preSolution
		HideSolutionNode = FALSE
	EndGlobalSection
	GlobalSection(ExtensibilityGlobals) = postSolution
		SolutionGuid = {5F226528-6FC4-4F5D-9C78-A9BDE5E75F3C}
	EndGlobalSection
EndGlobal
